
Microsoft Visual Studio Solution File, Format Version 12.00
# Visual Studio Version 17
VisualStudioVersion = 17.11.35312.102
MinimumVisualStudioVersion = 10.0.40219.1
Project("{9A19103F-16F7-4668-BE54-9A1E7A4F7556}") = "CBSManagementSystem", "CBSManagementSystem.csproj", "{BC8E525F-332B-4800-A5DB-ED34F3C588B1}"
EndProject
Global
	GlobalSection(SolutionConfigurationPlatforms) = preSolution
		Debug|Any CPU = Debug|Any CPU
		Release|Any CPU = Release|Any CPU
	EndGlobalSection
	GlobalSection(ProjectConfigurationPlatforms) = postSolution
		{BC8E525F-332B-4800-A5DB-ED34F3C588B1}.Debug|Any CPU.ActiveCfg = Debug|Any CPU
		{BC8E525F-332B-4800-A5DB-ED34F3C588B1}.Debug|Any CPU.Build.0 = Debug|Any CPU
		{BC8E525F-332B-4800-A5DB-ED34F3C588B1}.Release|Any CPU.ActiveCfg = Release|Any CPU
		{BC8E525F-332B-4800-A5DB-ED34F3C588B1}.Release|Any CPU.Build.0 = Release|Any CPU
	EndGlobalSection
	GlobalSection(SolutionProperties) = preSolution
		HideSolutionNode = FALSE
	EndGlobalSection
	GlobalSection(ExtensibilityGlobals) = postSolution
		SolutionGuid = {84A24E32-6120-4BF9-A6F0-E7EEA24E6139}
	EndGlobalSection
EndGlobal
